
Microsoft Visual Studio Solution File, Format Version 12.00
# Visual Studio Version 17
VisualStudioVersion = 17.9.34728.123
MinimumVisualStudioVersion = 10.0.40219.1
Project("{FAE04EC0-301F-11D3-BF4B-00C04F79EFBC}") = "buttonclick", "buttonclick\buttonclick.csproj", "{6FD86744-8E3E-41A0-8F28-52D3500992C1}"
EndProject
Global
	GlobalSection(SolutionConfigurationPlatforms) = preSolution
		Debug|Any CPU = Debug|Any CPU
		Release|Any CPU = Release|Any CPU
	EndGlobalSection
	GlobalSection(ProjectConfigurationPlatforms) = postSolution
		{6FD86744-8E3E-41A0-8F28-52D3500992C1}.Debug|Any CPU.ActiveCfg = Debug|Any CPU
		{6FD86744-8E3E-41A0-8F28-52D3500992C1}.Debug|Any CPU.Build.0 = Debug|Any CPU
		{6FD86744-8E3E-41A0-8F28-52D3500992C1}.Release|Any CPU.ActiveCfg = Release|Any CPU
		{6FD86744-8E3E-41A0-8F28-52D3500992C1}.Release|Any CPU.Build.0 = Release|Any CPU
	EndGlobalSection
	GlobalSection(SolutionProperties) = preSolution
		HideSolutionNode = FALSE
	EndGlobalSection
	GlobalSection(ExtensibilityGlobals) = postSolution
		SolutionGuid = {E12259E5-301B-4CEC-B8B2-7A1D50A6E7AE}
	EndGlobalSection
EndGlobal
